
Microsoft Visual Studio Solution File, Format Version 12.00
Project("{FAE04EC0-301F-11D3-BF4B-00C04F79EFBC}") = "WetterApi", "WetterApi\WetterApi.csproj", "{687DC9F2-F5E7-4E75-B6EB-C59175395A81}"
EndProject
Project("{FAE04EC0-301F-11D3-BF4B-00C04F79EFBC}") = "WetterApi.Tests", "WetterApi.Tests\WetterApi.Tests.csproj", "{53521060-FFA9-4C7E-92C8-476FBF407E9A}"
EndProject
Global
	GlobalSection(SolutionConfigurationPlatforms) = preSolution
		Debug|Any CPU = Debug|Any CPU
		Release|Any CPU = Release|Any CPU
	EndGlobalSection
	GlobalSection(ProjectConfigurationPlatforms) = postSolution
		{687DC9F2-F5E7-4E75-B6EB-C59175395A81}.Debug|Any CPU.ActiveCfg = Debug|Any CPU
		{687DC9F2-F5E7-4E75-B6EB-C59175395A81}.Debug|Any CPU.Build.0 = Debug|Any CPU
		{687DC9F2-F5E7-4E75-B6EB-C59175395A81}.Release|Any CPU.ActiveCfg = Release|Any CPU
		{687DC9F2-F5E7-4E75-B6EB-C59175395A81}.Release|Any CPU.Build.0 = Release|Any CPU
		{53521060-FFA9-4C7E-92C8-476FBF407E9A}.Debug|Any CPU.ActiveCfg = Debug|Any CPU
		{53521060-FFA9-4C7E-92C8-476FBF407E9A}.Debug|Any CPU.Build.0 = Debug|Any CPU
		{53521060-FFA9-4C7E-92C8-476FBF407E9A}.Release|Any CPU.ActiveCfg = Release|Any CPU
		{53521060-FFA9-4C7E-92C8-476FBF407E9A}.Release|Any CPU.Build.0 = Release|Any CPU
	EndGlobalSection
EndGlobal
